
Microsoft Visual Studio Solution File, Format Version 12.00
# Visual Studio 15
VisualStudioVersion = 15.0.26730.12
MinimumVisualStudioVersion = 10.0.40219.1
Project("{FAE04EC0-301F-11D3-BF4B-00C04F79EFBC}") = "SDMUnitTests", "SDMUnitTests\SDMUnitTests.csproj", "{6C003D59-525D-4735-A696-E40A0B63188E}"
EndProject
Global
	GlobalSection(SolutionConfigurationPlatforms) = preSolution
		Debug|Any CPU = Debug|Any CPU
		Release|Any CPU = Release|Any CPU
	EndGlobalSection
	GlobalSection(ProjectConfigurationPlatforms) = postSolution
		{6C003D59-525D-4735-A696-E40A0B63188E}.Debug|Any CPU.ActiveCfg = Debug|Any CPU
		{6C003D59-525D-4735-A696-E40A0B63188E}.Debug|Any CPU.Build.0 = Debug|Any CPU
		{6C003D59-525D-4735-A696-E40A0B63188E}.Release|Any CPU.ActiveCfg = Release|Any CPU
		{6C003D59-525D-4735-A696-E40A0B63188E}.Release|Any CPU.Build.0 = Release|Any CPU
	EndGlobalSection
	GlobalSection(SolutionProperties) = preSolution
		HideSolutionNode = FALSE
	EndGlobalSection
	GlobalSection(ExtensibilityGlobals) = postSolution
		SolutionGuid = {C3089C22-7627-4BBC-9AA6-D47AF9793836}
	EndGlobalSection
EndGlobal
